
Microsoft Visual Studio Solution File, Format Version 12.00
# Visual Studio Version 16
VisualStudioVersion = 16.0.30011.22
MinimumVisualStudioVersion = 10.0.40219.1
Project("{FAE04EC0-301F-11D3-BF4B-00C04F79EFBC}") = "VfxTool", "VfxTool\VfxTool.csproj", "{8E6725F3-A28C-4515-B1C8-1CB8467D4009}"
EndProject
Global
	GlobalSection(SolutionConfigurationPlatforms) = preSolution
		Debug|Any CPU = Debug|Any CPU
		Release|Any CPU = Release|Any CPU
	EndGlobalSection
	GlobalSection(ProjectConfigurationPlatforms) = postSolution
		{8E6725F3-A28C-4515-B1C8-1CB8467D4009}.Debug|Any CPU.ActiveCfg = Debug|Any CPU
		{8E6725F3-A28C-4515-B1C8-1CB8467D4009}.Debug|Any CPU.Build.0 = Debug|Any CPU
		{8E6725F3-A28C-4515-B1C8-1CB8467D4009}.Release|Any CPU.ActiveCfg = Release|Any CPU
		{8E6725F3-A28C-4515-B1C8-1CB8467D4009}.Release|Any CPU.Build.0 = Release|Any CPU
	EndGlobalSection
	GlobalSection(SolutionProperties) = preSolution
		HideSolutionNode = FALSE
	EndGlobalSection
	GlobalSection(ExtensibilityGlobals) = postSolution
		SolutionGuid = {FF1315D8-0D2B-4D86-9121-C53895F3AE42}
	EndGlobalSection
EndGlobal
